
Microsoft Visual Studio Solution File, Format Version 12.00
# Visual Studio Version 16
VisualStudioVersion = 16.0.32126.315
MinimumVisualStudioVersion = 10.0.40219.1
Project("{FAE04EC0-301F-11D3-BF4B-00C04F79EFBC}") = "Redis", "Redis\Redis.csproj", "{10CE80D4-EE50-4E4A-ADF6-78D4CCB698C6}"
EndProject
Global
	GlobalSection(SolutionConfigurationPlatforms) = preSolution
		Debug|Any CPU = Debug|Any CPU
		Release|Any CPU = Release|Any CPU
	EndGlobalSection
	GlobalSection(ProjectConfigurationPlatforms) = postSolution
		{10CE80D4-EE50-4E4A-ADF6-78D4CCB698C6}.Debug|Any CPU.ActiveCfg = Debug|Any CPU
		{10CE80D4-EE50-4E4A-ADF6-78D4CCB698C6}.Debug|Any CPU.Build.0 = Debug|Any CPU
		{10CE80D4-EE50-4E4A-ADF6-78D4CCB698C6}.Release|Any CPU.ActiveCfg = Release|Any CPU
		{10CE80D4-EE50-4E4A-ADF6-78D4CCB698C6}.Release|Any CPU.Build.0 = Release|Any CPU
	EndGlobalSection
	GlobalSection(SolutionProperties) = preSolution
		HideSolutionNode = FALSE
	EndGlobalSection
	GlobalSection(ExtensibilityGlobals) = postSolution
		SolutionGuid = {3BBFE7F8-8980-442F-B2D6-625618A0C93F}
	EndGlobalSection
EndGlobal
